
Microsoft Visual Studio Solution File, Format Version 12.00
# Visual Studio Version 16
VisualStudioVersion = 16.0.30717.126
MinimumVisualStudioVersion = 10.0.40219.1
Project("{FAE04EC0-301F-11D3-BF4B-00C04F79EFBC}") = "Routine.Api", "Routine.Api\Routine.Api.csproj", "{7E7E6B0A-B0F4-4218-9247-61C487E9BA3E}"
EndProject
Global
	GlobalSection(SolutionConfigurationPlatforms) = preSolution
		Debug|Any CPU = Debug|Any CPU
		Release|Any CPU = Release|Any CPU
	EndGlobalSection
	GlobalSection(ProjectConfigurationPlatforms) = postSolution
		{7E7E6B0A-B0F4-4218-9247-61C487E9BA3E}.Debug|Any CPU.ActiveCfg = Debug|Any CPU
		{7E7E6B0A-B0F4-4218-9247-61C487E9BA3E}.Debug|Any CPU.Build.0 = Debug|Any CPU
		{7E7E6B0A-B0F4-4218-9247-61C487E9BA3E}.Release|Any CPU.ActiveCfg = Release|Any CPU
		{7E7E6B0A-B0F4-4218-9247-61C487E9BA3E}.Release|Any CPU.Build.0 = Release|Any CPU
	EndGlobalSection
	GlobalSection(SolutionProperties) = preSolution
		HideSolutionNode = FALSE
	EndGlobalSection
	GlobalSection(ExtensibilityGlobals) = postSolution
		SolutionGuid = {1EB0CD2F-BCEC-4556-8DC3-C59C5357CCC3}
	EndGlobalSection
EndGlobal
